
Microsoft Visual Studio Solution File, Format Version 12.00
# Visual Studio 15
VisualStudioVersion = 15.0.26430.12
MinimumVisualStudioVersion = 10.0.40219.1
Project("{2150E333-8FDC-42A3-9474-1A3956D46DE8}") = "samples", "samples", "{6C454FC0-A472-49FF-9884-70E8E3DDB25A}"
EndProject
Project("{2150E333-8FDC-42A3-9474-1A3956D46DE8}") = "src", "src", "{3AADE84F-91B7-4F25-8215-4D290FD5E925}"
EndProject
Project("{8BC9CEB8-8B4A-11D0-8D11-00A0C91BC942}") = "core", "src\core\core.vcxproj", "{2EDE4B51-9297-4BBC-B8AB-77114CDBD65F}"
EndProject
Project("{8BC9CEB8-8B4A-11D0-8D11-00A0C91BC942}") = "ui", "src\ui\ui.vcxproj", "{5774511E-219C-4E6B-83BC-B928A918E724}"
EndProject
Project("{2150E333-8FDC-42A3-9474-1A3956D46DE8}") = "docs", "docs", "{FE4ABFE0-C8B1-4C32-8BBF-ADBD395F04A3}"
	ProjectSection(SolutionItems) = preProject
		.gitattributes = .gitattributes
		.gitignore = .gitignore
		.gitmodules = .gitmodules
		README.md = README.md
	EndProjectSection
EndProject
Project("{2150E333-8FDC-42A3-9474-1A3956D46DE8}") = "tests", "tests", "{F46B6693-5D9E-4316-9335-C9671A759A71}"
EndProject
Project("{8BC9CEB8-8B4A-11D0-8D11-00A0C91BC942}") = "unittests", "tests\unittests\unittests.vcxproj", "{CCEC3C3D-3C79-4E7F-98D2-CEE14DEA21C5}"
EndProject
Project("{8BC9CEB8-8B4A-11D0-8D11-00A0C91BC942}") = "test", "tests\test\test.vcxproj", "{2B733AD9-5C22-43BD-8643-43635FD75638}"
EndProject
Project("{8BC9CEB8-8B4A-11D0-8D11-00A0C91BC942}") = "helloworld", "samples\helloworld\helloworld.vcxproj", "{C0D5BBEB-5674-4612-8B67-828488024CEF}"
EndProject
Project("{8BC9CEB8-8B4A-11D0-8D11-00A0C91BC942}") = "notepad", "samples\notepad\notepad.vcxproj", "{9677A95B-5C81-4BF9-9EF9-1D8AC7BF598D}"
EndProject
Project("{8BC9CEB8-8B4A-11D0-8D11-00A0C91BC942}") = "webview", "samples\webview\webview.vcxproj", "{B3639117-8746-4EE0-B120-275C70C4BC44}"
EndProject
Project("{8BC9CEB8-8B4A-11D0-8D11-00A0C91BC942}") = "layout", "samples\layout\layout.vcxproj", "{75444A1C-8894-4CCC-A7BE-00CADC12AAB1}"
EndProject
Project("{8BC9CEB8-8B4A-11D0-8D11-00A0C91BC942}") = "io", "src\io\io.vcxproj", "{C44140A6-B71F-4A0B-893D-B0ADF024CD46}"
EndProject
Project("{8BC9CEB8-8B4A-11D0-8D11-00A0C91BC942}") = "data", "src\data\data.vcxproj", "{7385A976-FA44-45DA-916F-34060F028E1F}"
EndProject
Project("{8BC9CEB8-8B4A-11D0-8D11-00A0C91BC942}") = "components", "samples\components\components.vcxproj", "{4B67E508-C8EF-4555-B153-3DC5B7009991}"
EndProject
Global
	GlobalSection(SolutionConfigurationPlatforms) = preSolution
		Debug|x64 = Debug|x64
		Debug|x86 = Debug|x86
		Release|x64 = Release|x64
		Release|x86 = Release|x86
	EndGlobalSection
	GlobalSection(ProjectConfigurationPlatforms) = postSolution
		{2EDE4B51-9297-4BBC-B8AB-77114CDBD65F}.Debug|x64.ActiveCfg = Debug|x64
		{2EDE4B51-9297-4BBC-B8AB-77114CDBD65F}.Debug|x64.Build.0 = Debug|x64
		{2EDE4B51-9297-4BBC-B8AB-77114CDBD65F}.Debug|x86.ActiveCfg = Debug|Win32
		{2EDE4B51-9297-4BBC-B8AB-77114CDBD65F}.Debug|x86.Build.0 = Debug|Win32
		{2EDE4B51-9297-4BBC-B8AB-77114CDBD65F}.Release|x64.ActiveCfg = Release|x64
		{2EDE4B51-9297-4BBC-B8AB-77114CDBD65F}.Release|x64.Build.0 = Release|x64
		{2EDE4B51-9297-4BBC-B8AB-77114CDBD65F}.Release|x86.ActiveCfg = Release|Win32
		{2EDE4B51-9297-4BBC-B8AB-77114CDBD65F}.Release|x86.Build.0 = Release|Win32
		{5774511E-219C-4E6B-83BC-B928A918E724}.Debug|x64.ActiveCfg = Debug|x64
		{5774511E-219C-4E6B-83BC-B928A918E724}.Debug|x64.Build.0 = Debug|x64
		{5774511E-219C-4E6B-83BC-B928A918E724}.Debug|x86.ActiveCfg = Debug|Win32
		{5774511E-219C-4E6B-83BC-B928A918E724}.Debug|x86.Build.0 = Debug|Win32
		{5774511E-219C-4E6B-83BC-B928A918E724}.Release|x64.ActiveCfg = Release|x64
		{5774511E-219C-4E6B-83BC-B928A918E724}.Release|x64.Build.0 = Release|x64
		{5774511E-219C-4E6B-83BC-B928A918E724}.Release|x86.ActiveCfg = Release|Win32
		{5774511E-219C-4E6B-83BC-B928A918E724}.Release|x86.Build.0 = Release|Win32
		{CCEC3C3D-3C79-4E7F-98D2-CEE14DEA21C5}.Debug|x64.ActiveCfg = Debug|x64
		{CCEC3C3D-3C79-4E7F-98D2-CEE14DEA21C5}.Debug|x64.Build.0 = Debug|x64
		{CCEC3C3D-3C79-4E7F-98D2-CEE14DEA21C5}.Debug|x86.ActiveCfg = Debug|Win32
		{CCEC3C3D-3C79-4E7F-98D2-CEE14DEA21C5}.Debug|x86.Build.0 = Debug|Win32
		{CCEC3C3D-3C79-4E7F-98D2-CEE14DEA21C5}.Release|x64.ActiveCfg = Release|x64
		{CCEC3C3D-3C79-4E7F-98D2-CEE14DEA21C5}.Release|x64.Build.0 = Release|x64
		{CCEC3C3D-3C79-4E7F-98D2-CEE14DEA21C5}.Release|x86.ActiveCfg = Release|Win32
		{CCEC3C3D-3C79-4E7F-98D2-CEE14DEA21C5}.Release|x86.Build.0 = Release|Win32
		{2B733AD9-5C22-43BD-8643-43635FD75638}.Debug|x64.ActiveCfg = Debug|x64
		{2B733AD9-5C22-43BD-8643-43635FD75638}.Debug|x64.Build.0 = Debug|x64
		{2B733AD9-5C22-43BD-8643-43635FD75638}.Debug|x86.ActiveCfg = Debug|Win32
		{2B733AD9-5C22-43BD-8643-43635FD75638}.Debug|x86.Build.0 = Debug|Win32
		{2B733AD9-5C22-43BD-8643-43635FD75638}.Release|x64.ActiveCfg = Release|x64
		{2B733AD9-5C22-43BD-8643-43635FD75638}.Release|x64.Build.0 = Release|x64
		{2B733AD9-5C22-43BD-8643-43635FD75638}.Release|x86.ActiveCfg = Release|Win32
		{2B733AD9-5C22-43BD-8643-43635FD75638}.Release|x86.Build.0 = Release|Win32
		{C0D5BBEB-5674-4612-8B67-828488024CEF}.Debug|x64.ActiveCfg = Debug|x64
		{C0D5BBEB-5674-4612-8B67-828488024CEF}.Debug|x64.Build.0 = Debug|x64
		{C0D5BBEB-5674-4612-8B67-828488024CEF}.Debug|x86.ActiveCfg = Debug|Win32
		{C0D5BBEB-5674-4612-8B67-828488024CEF}.Debug|x86.Build.0 = Debug|Win32
		{C0D5BBEB-5674-4612-8B67-828488024CEF}.Release|x64.ActiveCfg = Release|x64
		{C0D5BBEB-5674-4612-8B67-828488024CEF}.Release|x64.Build.0 = Release|x64
		{C0D5BBEB-5674-4612-8B67-828488024CEF}.Release|x86.ActiveCfg = Release|Win32
		{C0D5BBEB-5674-4612-8B67-828488024CEF}.Release|x86.Build.0 = Release|Win32
		{9677A95B-5C81-4BF9-9EF9-1D8AC7BF598D}.Debug|x64.ActiveCfg = Debug|x64
		{9677A95B-5C81-4BF9-9EF9-1D8AC7BF598D}.Debug|x64.Build.0 = Debug|x64
		{9677A95B-5C81-4BF9-9EF9-1D8AC7BF598D}.Debug|x86.ActiveCfg = Debug|Win32
		{9677A95B-5C81-4BF9-9EF9-1D8AC7BF598D}.Debug|x86.Build.0 = Debug|Win32
		{9677A95B-5C81-4BF9-9EF9-1D8AC7BF598D}.Release|x64.ActiveCfg = Release|x64
		{9677A95B-5C81-4BF9-9EF9-1D8AC7BF598D}.Release|x64.Build.0 = Release|x64
		{9677A95B-5C81-4BF9-9EF9-1D8AC7BF598D}.Release|x86.ActiveCfg = Release|Win32
		{9677A95B-5C81-4BF9-9EF9-1D8AC7BF598D}.Release|x86.Build.0 = Release|Win32
		{B3639117-8746-4EE0-B120-275C70C4BC44}.Debug|x64.ActiveCfg = Debug|x64
		{B3639117-8746-4EE0-B120-275C70C4BC44}.Debug|x64.Build.0 = Debug|x64
		{B3639117-8746-4EE0-B120-275C70C4BC44}.Debug|x86.ActiveCfg = Debug|Win32
		{B3639117-8746-4EE0-B120-275C70C4BC44}.Debug|x86.Build.0 = Debug|Win32
		{B3639117-8746-4EE0-B120-275C70C4BC44}.Release|x64.ActiveCfg = Release|x64
		{B3639117-8746-4EE0-B120-275C70C4BC44}.Release|x64.Build.0 = Release|x64
		{B3639117-8746-4EE0-B120-275C70C4BC44}.Release|x86.ActiveCfg = Release|Win32
		{B3639117-8746-4EE0-B120-275C70C4BC44}.Release|x86.Build.0 = Release|Win32
		{75444A1C-8894-4CCC-A7BE-00CADC12AAB1}.Debug|x64.ActiveCfg = Debug|x64
		{75444A1C-8894-4CCC-A7BE-00CADC12AAB1}.Debug|x64.Build.0 = Debug|x64
		{75444A1C-8894-4CCC-A7BE-00CADC12AAB1}.Debug|x86.ActiveCfg = Debug|Win32
		{75444A1C-8894-4CCC-A7BE-00CADC12AAB1}.Debug|x86.Build.0 = Debug|Win32
		{75444A1C-8894-4CCC-A7BE-00CADC12AAB1}.Release|x64.ActiveCfg = Release|x64
		{75444A1C-8894-4CCC-A7BE-00CADC12AAB1}.Release|x64.Build.0 = Release|x64
		{75444A1C-8894-4CCC-A7BE-00CADC12AAB1}.Release|x86.ActiveCfg = Release|Win32
		{75444A1C-8894-4CCC-A7BE-00CADC12AAB1}.Release|x86.Build.0 = Release|Win32
		{C44140A6-B71F-4A0B-893D-B0ADF024CD46}.Debug|x64.ActiveCfg = Debug|x64
		{C44140A6-B71F-4A0B-893D-B0ADF024CD46}.Debug|x64.Build.0 = Debug|x64
		{C44140A6-B71F-4A0B-893D-B0ADF024CD46}.Debug|x86.ActiveCfg = Debug|Win32
		{C44140A6-B71F-4A0B-893D-B0ADF024CD46}.Debug|x86.Build.0 = Debug|Win32
		{C44140A6-B71F-4A0B-893D-B0ADF024CD46}.Release|x64.ActiveCfg = Release|x64
		{C44140A6-B71F-4A0B-893D-B0ADF024CD46}.Release|x64.Build.0 = Release|x64
		{C44140A6-B71F-4A0B-893D-B0ADF024CD46}.Release|x86.ActiveCfg = Release|Win32
		{C44140A6-B71F-4A0B-893D-B0ADF024CD46}.Release|x86.Build.0 = Release|Win32
		{7385A976-FA44-45DA-916F-34060F028E1F}.Debug|x64.ActiveCfg = Debug|x64
		{7385A976-FA44-45DA-916F-34060F028E1F}.Debug|x64.Build.0 = Debug|x64
		{7385A976-FA44-45DA-916F-34060F028E1F}.Debug|x86.ActiveCfg = Debug|Win32
		{7385A976-FA44-45DA-916F-34060F028E1F}.Debug|x86.Build.0 = Debug|Win32
		{7385A976-FA44-45DA-916F-34060F028E1F}.Release|x64.ActiveCfg = Release|x64
		{7385A976-FA44-45DA-916F-34060F028E1F}.Release|x64.Build.0 = Release|x64
		{7385A976-FA44-45DA-916F-34060F028E1F}.Release|x86.ActiveCfg = Release|Win32
		{7385A976-FA44-45DA-916F-34060F028E1F}.Release|x86.Build.0 = Release|Win32
		{4B67E508-C8EF-4555-B153-3DC5B7009991}.Debug|x64.ActiveCfg = Debug|x64
		{4B67E508-C8EF-4555-B153-3DC5B7009991}.Debug|x64.Build.0 = Debug|x64
		{4B67E508-C8EF-4555-B153-3DC5B7009991}.Debug|x86.ActiveCfg = Debug|Win32
		{4B67E508-C8EF-4555-B153-3DC5B7009991}.Debug|x86.Build.0 = Debug|Win32
		{4B67E508-C8EF-4555-B153-3DC5B7009991}.Release|x64.ActiveCfg = Release|x64
		{4B67E508-C8EF-4555-B153-3DC5B7009991}.Release|x64.Build.0 = Release|x64
		{4B67E508-C8EF-4555-B153-3DC5B7009991}.Release|x86.ActiveCfg = Release|Win32
		{4B67E508-C8EF-4555-B153-3DC5B7009991}.Release|x86.Build.0 = Release|Win32
	EndGlobalSection
	GlobalSection(SolutionProperties) = preSolution
		HideSolutionNode = FALSE
	EndGlobalSection
	GlobalSection(NestedProjects) = preSolution
		{2EDE4B51-9297-4BBC-B8AB-77114CDBD65F} = {3AADE84F-91B7-4F25-8215-4D290FD5E925}
		{5774511E-219C-4E6B-83BC-B928A918E724} = {3AADE84F-91B7-4F25-8215-4D290FD5E925}
		{CCEC3C3D-3C79-4E7F-98D2-CEE14DEA21C5} = {F46B6693-5D9E-4316-9335-C9671A759A71}
		{2B733AD9-5C22-43BD-8643-43635FD75638} = {F46B6693-5D9E-4316-9335-C9671A759A71}
		{C0D5BBEB-5674-4612-8B67-828488024CEF} = {6C454FC0-A472-49FF-9884-70E8E3DDB25A}
		{9677A95B-5C81-4BF9-9EF9-1D8AC7BF598D} = {6C454FC0-A472-49FF-9884-70E8E3DDB25A}
		{B3639117-8746-4EE0-B120-275C70C4BC44} = {6C454FC0-A472-49FF-9884-70E8E3DDB25A}
		{75444A1C-8894-4CCC-A7BE-00CADC12AAB1} = {6C454FC0-A472-49FF-9884-70E8E3DDB25A}
		{C44140A6-B71F-4A0B-893D-B0ADF024CD46} = {3AADE84F-91B7-4F25-8215-4D290FD5E925}
		{7385A976-FA44-45DA-916F-34060F028E1F} = {3AADE84F-91B7-4F25-8215-4D290FD5E925}
		{4B67E508-C8EF-4555-B153-3DC5B7009991} = {6C454FC0-A472-49FF-9884-70E8E3DDB25A}
	EndGlobalSection
EndGlobal
