<?xml version="1.0" encoding="utf-8"?>
<Project ToolsVersion="4.0" xmlns="http://schemas.microsoft.com/developer/msbuild/2003">
  <ItemGroup>
    <ClCompile Include="common\component.cpp" />
    <ClCompile Include="win32\componentadapter.cpp" />
    <ClCompile Include="common\window.cpp" />
    <ClCompile Include="common\layoutcomponent.cpp" />
    <ClCompile Include="win32\eventqueue.cpp" />
    <ClCompile Include="common\app.cpp" />
    <ClCompile Include="common\textcomponent.cpp" />
    <ClCompile Include="win32\brush.cpp" />
    <ClCompile Include="win32\canvas.cpp" />
    <ClCompile Include="include\rectangle.h" />
    <ClCompile Include="common\rectangle.cpp" />
    <ClCompile Include="common\size.cpp" />
    <ClCompile Include="common\point.cpp" />
    <ClCompile Include="common\color.cpp" />
    <ClCompile Include="common\button.cpp" />
  </ItemGroup>
  <ItemGroup>
    <ClInclude Include="include\app.h" />
    <ClInclude Include="include\window.h" />
    <ClInclude Include="include\component.h" />
    <ClInclude Include="include\layoutcomponent.h" />
    <ClInclude Include="include\componentadapter.h" />
    <ClInclude Include="win32\componentadapterproperties.h" />
    <ClInclude Include="..\..\include\ui.h" />
    <ClInclude Include="include\icomponentadapter.h" />
    <ClInclude Include="win32\componentevent.h" />
    <ClInclude Include="include\eventqueue.h" />
    <ClInclude Include="include\textcomponent.h" />
    <ClInclude Include="include\color.h" />
    <ClInclude Include="include\brush.h" />
    <ClInclude Include="include\canvas.h" />
    <ClInclude Include="include\size.h" />
    <ClInclude Include="include\point.h" />
    <ClInclude Include="include\button.h" />
    <ClInclude Include="include\inputevent.h" />
  </ItemGroup>
</Project>