<?xml version="1.0" encoding="utf-8"?>
<Project ToolsVersion="4.0" xmlns="http://schemas.microsoft.com/developer/msbuild/2003">
  <ItemGroup>
    <ClCompile Include="win32\canvas.cpp">
      <Filter>Graphics</Filter>
    </ClCompile>
    <ClCompile Include="win32\pen.cpp">
      <Filter>Graphics</Filter>
    </ClCompile>
    <ClCompile Include="common\rectangle.cpp">
      <Filter>Graphics</Filter>
    </ClCompile>
    <ClCompile Include="common\point.cpp">
      <Filter>Graphics</Filter>
    </ClCompile>
    <ClCompile Include="common\size.cpp">
      <Filter>Graphics</Filter>
    </ClCompile>
    <ClCompile Include="win32\brush.cpp">
      <Filter>Graphics</Filter>
    </ClCompile>
    <ClCompile Include="common\color.cpp">
      <Filter>Graphics</Filter>
    </ClCompile>
    <ClCompile Include="common\button.cpp">
      <Filter>Components</Filter>
    </ClCompile>
    <ClCompile Include="common\component.cpp">
      <Filter>Components</Filter>
    </ClCompile>
    <ClCompile Include="win32\dialogs.cpp">
      <Filter>Components</Filter>
    </ClCompile>
    <ClCompile Include="common\layoutcomponent.cpp">
      <Filter>Components</Filter>
    </ClCompile>
    <ClCompile Include="common\textcomponent.cpp">
      <Filter>Components</Filter>
    </ClCompile>
    <ClCompile Include="common\window.cpp">
      <Filter>Components</Filter>
    </ClCompile>
    <ClCompile Include="win32\font.cpp">
      <Filter>Graphics</Filter>
    </ClCompile>
    <ClCompile Include="win32\eventqueue.cpp">
      <Filter>Events</Filter>
    </ClCompile>
    <ClCompile Include="common\linearlayout.cpp">
      <Filter>Components</Filter>
    </ClCompile>
    <ClCompile Include="common\inputcomponent.cpp">
      <Filter>Components</Filter>
    </ClCompile>
    <ClCompile Include="win32\webview.cpp">
      <Filter>Components</Filter>
    </ClCompile>
    <ClCompile Include="common\checkbox.cpp">
      <Filter>Components</Filter>
    </ClCompile>
    <ClCompile Include="common\radiobutton.cpp">
      <Filter>Components</Filter>
    </ClCompile>
    <ClCompile Include="common\label.cpp">
      <Filter>Components</Filter>
    </ClCompile>
    <ClCompile Include="common\progressbar.cpp">
      <Filter>Components</Filter>
    </ClCompile>
    <ClCompile Include="common\textarea.cpp">
      <Filter>Components</Filter>
    </ClCompile>
    <ClCompile Include="common\groupbox.cpp">
      <Filter>Components</Filter>
    </ClCompile>
    <ClCompile Include="common\action.cpp" />
    <ClCompile Include="win32\app.cpp">
      <Filter>Components</Filter>
    </ClCompile>
    <ClCompile Include="win32\componentadapter.cpp">
      <Filter>Adapters</Filter>
    </ClCompile>
    <ClCompile Include="win32\menuadapter.cpp">
      <Filter>Adapters</Filter>
    </ClCompile>
    <ClCompile Include="common\menu.cpp" />
    <ClCompile Include="win32\bitmap.cpp">
      <Filter>Graphics</Filter>
    </ClCompile>
    <ClCompile Include="common\numberpicker.cpp">
      <Filter>Components</Filter>
    </ClCompile>
    <ClCompile Include="common\scrollview.cpp">
      <Filter>Components</Filter>
    </ClCompile>
  </ItemGroup>
  <ItemGroup>
    <ClInclude Include="..\..\include\ui.h" />
    <ClInclude Include="include\canvas.h">
      <Filter>Graphics</Filter>
    </ClInclude>
    <ClInclude Include="include\pen.h">
      <Filter>Graphics</Filter>
    </ClInclude>
    <ClInclude Include="include\rectangle.h">
      <Filter>Graphics</Filter>
    </ClInclude>
    <ClInclude Include="include\point.h">
      <Filter>Graphics</Filter>
    </ClInclude>
    <ClInclude Include="include\size.h">
      <Filter>Graphics</Filter>
    </ClInclude>
    <ClInclude Include="include\brush.h">
      <Filter>Graphics</Filter>
    </ClInclude>
    <ClInclude Include="include\app.h">
      <Filter>Components</Filter>
    </ClInclude>
    <ClInclude Include="include\button.h">
      <Filter>Components</Filter>
    </ClInclude>
    <ClInclude Include="include\component.h">
      <Filter>Components</Filter>
    </ClInclude>
    <ClInclude Include="win32\componentevent.h">
      <Filter>Components</Filter>
    </ClInclude>
    <ClInclude Include="include\dialogs.h">
      <Filter>Components</Filter>
    </ClInclude>
    <ClInclude Include="include\layoutcomponent.h">
      <Filter>Components</Filter>
    </ClInclude>
    <ClInclude Include="include\textcomponent.h">
      <Filter>Components</Filter>
    </ClInclude>
    <ClInclude Include="include\window.h">
      <Filter>Components</Filter>
    </ClInclude>
    <ClInclude Include="include\color.h">
      <Filter>Graphics</Filter>
    </ClInclude>
    <ClInclude Include="include\font.h">
      <Filter>Graphics</Filter>
    </ClInclude>
    <ClInclude Include="include\eventqueue.h">
      <Filter>Events</Filter>
    </ClInclude>
    <ClInclude Include="include\inputevent.h">
      <Filter>Events</Filter>
    </ClInclude>
    <ClInclude Include="include\linearlayout.h">
      <Filter>Components</Filter>
    </ClInclude>
    <ClInclude Include="include\inputcomponent.h">
      <Filter>Components</Filter>
    </ClInclude>
    <ClInclude Include="include\webview.h">
      <Filter>Components</Filter>
    </ClInclude>
    <ClInclude Include="include\checkbox.h">
      <Filter>Components</Filter>
    </ClInclude>
    <ClInclude Include="include\label.h">
      <Filter>Components</Filter>
    </ClInclude>
    <ClInclude Include="include\radiobutton.h">
      <Filter>Components</Filter>
    </ClInclude>
    <ClInclude Include="include\progressbar.h">
      <Filter>Components</Filter>
    </ClInclude>
    <ClInclude Include="include\textarea.h">
      <Filter>Components</Filter>
    </ClInclude>
    <ClInclude Include="include\groupbox.h">
      <Filter>Components</Filter>
    </ClInclude>
    <ClInclude Include="include\menu.h" />
    <ClInclude Include="include\action.h" />
    <ClInclude Include="include\componentadapter.h">
      <Filter>Adapters</Filter>
    </ClInclude>
    <ClInclude Include="win32\componentadapterproperties.h">
      <Filter>Adapters</Filter>
    </ClInclude>
    <ClInclude Include="include\icomponentadapter.h">
      <Filter>Adapters</Filter>
    </ClInclude>
    <ClInclude Include="include\imenuadapter.h">
      <Filter>Adapters</Filter>
    </ClInclude>
    <ClInclude Include="include\menuadapter.h">
      <Filter>Adapters</Filter>
    </ClInclude>
    <ClInclude Include="include\bitmap.h">
      <Filter>Graphics</Filter>
    </ClInclude>
    <ClInclude Include="include\numberpicker.h">
      <Filter>Components</Filter>
    </ClInclude>
    <ClInclude Include="include\scrollview.h">
      <Filter>Components</Filter>
    </ClInclude>
  </ItemGroup>
  <ItemGroup>
    <Filter Include="Graphics">
      <UniqueIdentifier>{5c438270-3f09-41c4-858f-01aa9b230276}</UniqueIdentifier>
    </Filter>
    <Filter Include="Components">
      <UniqueIdentifier>{1641c7bd-78ab-4508-8b00-21dc66dba904}</UniqueIdentifier>
    </Filter>
    <Filter Include="Events">
      <UniqueIdentifier>{5692e783-632c-4281-9f7c-cf828ed13acc}</UniqueIdentifier>
    </Filter>
    <Filter Include="Adapters">
      <UniqueIdentifier>{c7243ed1-7a65-41a2-9c39-f72e53f65c6e}</UniqueIdentifier>
    </Filter>
  </ItemGroup>
</Project>