<?xml version="1.0" encoding="utf-8"?>
<Project ToolsVersion="4.0" xmlns="http://schemas.microsoft.com/developer/msbuild/2003">
  <ItemGroup>
    <Filter Include="core">
      <UniqueIdentifier>{d285f05f-27fc-45fc-a6f8-b29c651103ca}</UniqueIdentifier>
    </Filter>
  </ItemGroup>
  <ItemGroup>
    <ClCompile Include="src\main.cpp" />
    <ClCompile Include="src\core\atomic.cpp">
      <Filter>core</Filter>
    </ClCompile>
    <ClCompile Include="src\core\array.cpp">
      <Filter>core</Filter>
    </ClCompile>
    <ClCompile Include="src\core\convert.cpp">
      <Filter>core</Filter>
    </ClCompile>
    <ClCompile Include="src\core\function.cpp">
      <Filter>core</Filter>
    </ClCompile>
    <ClCompile Include="src\core\hash.cpp">
      <Filter>core</Filter>
    </ClCompile>
    <ClCompile Include="src\core\linkedlist.cpp">
      <Filter>core</Filter>
    </ClCompile>
    <ClCompile Include="src\core\list.cpp">
      <Filter>core</Filter>
    </ClCompile>
    <ClCompile Include="src\core\map.cpp">
      <Filter>core</Filter>
    </ClCompile>
    <ClCompile Include="src\core\math.cpp">
      <Filter>core</Filter>
    </ClCompile>
    <ClCompile Include="src\core\queue.cpp">
      <Filter>core</Filter>
    </ClCompile>
    <ClCompile Include="src\core\set.cpp">
      <Filter>core</Filter>
    </ClCompile>
    <ClCompile Include="src\core\stack.cpp">
      <Filter>core</Filter>
    </ClCompile>
    <ClCompile Include="src\core\thread.cpp">
      <Filter>core</Filter>
    </ClCompile>
    <ClCompile Include="src\core\types.cpp">
      <Filter>core</Filter>
    </ClCompile>
    <ClCompile Include="src\core\asciicodec.cpp">
      <Filter>core</Filter>
    </ClCompile>
    <ClCompile Include="src\core\utf8codec.cpp">
      <Filter>core</Filter>
    </ClCompile>
    <ClCompile Include="src\core\string.cpp">
      <Filter>core</Filter>
    </ClCompile>
  </ItemGroup>
</Project>