<?xml version="1.0" encoding="utf-8"?>
<Project ToolsVersion="4.0" xmlns="http://schemas.microsoft.com/developer/msbuild/2003">
  <ItemGroup>
    <ClCompile Include="src\win32\atomic.cpp" />
    <ClCompile Include="src\common\exception.cpp" />
    <ClCompile Include="src\common\convert.cpp" />
    <ClCompile Include="src\common\hash.cpp" />
    <ClCompile Include="src\common\memory.cpp" />
    <ClCompile Include="src\common\spinlock.cpp" />
    <ClCompile Include="src\win32\thread.cpp" />
    <ClCompile Include="src\common\array.cpp" />
  </ItemGroup>
  <ItemGroup>
    <ClInclude Include="include\platform.h" />
    <ClInclude Include="include\exception.h" />
    <ClInclude Include="include\atomic.h" />
    <ClInclude Include="include\types.h" />
    <ClInclude Include="include\convert.h" />
    <ClInclude Include="include\hash.h" />
    <ClInclude Include="include\memory.h" />
    <ClInclude Include="include\spinlock.h" />
    <ClInclude Include="include\thread.h" />
    <ClInclude Include="include\function.h" />
    <ClInclude Include="include\math.h" />
    <ClInclude Include="src\common\math.h" />
    <ClInclude Include="include\array.h" />
    <ClInclude Include="include\iterator.h" />
    <ClInclude Include="include\collection.h" />
    <ClInclude Include="include\linkedlist.h" />
    <ClInclude Include="include\list.h" />
    <ClInclude Include="include\map.h" />
    <ClInclude Include="include\set.h" />
    <ClInclude Include="include\queue.h" />
    <ClInclude Include="include\stack.h" />
    <ClInclude Include="..\..\include\core.h" />
  </ItemGroup>
</Project>