<?xml version="1.0" encoding="utf-8"?>
<Project ToolsVersion="4.0" xmlns="http://schemas.microsoft.com/developer/msbuild/2003">
  <ItemGroup>
    <ClCompile Include="common\convert.cpp" />
    <ClCompile Include="common\hash.cpp" />
    <ClCompile Include="common\memory.cpp" />
    <ClCompile Include="common\math.cpp" />
    <ClCompile Include="common\singleton.cpp" />
    <ClCompile Include="win32\system.cpp" />
    <ClCompile Include="common\clock.cpp" />
    <ClCompile Include="common\array.cpp">
      <Filter>Collections</Filter>
    </ClCompile>
    <ClCompile Include="common\asciicodec.cpp">
      <Filter>Text</Filter>
    </ClCompile>
    <ClCompile Include="common\latin1codec.cpp">
      <Filter>Text</Filter>
    </ClCompile>
    <ClCompile Include="common\string.cpp">
      <Filter>Text</Filter>
    </ClCompile>
    <ClCompile Include="common\stringcodec.cpp">
      <Filter>Text</Filter>
    </ClCompile>
    <ClCompile Include="common\utf8codec.cpp">
      <Filter>Text</Filter>
    </ClCompile>
    <ClCompile Include="win32\atomic.cpp">
      <Filter>Threading</Filter>
    </ClCompile>
    <ClCompile Include="common\spinlock.cpp">
      <Filter>Threading</Filter>
    </ClCompile>
    <ClCompile Include="win32\thread.cpp">
      <Filter>Threading</Filter>
    </ClCompile>
    <ClCompile Include="common\variant.cpp" />
    <ClCompile Include="win32\datetime.cpp" />
    <ClCompile Include="win32\mutex.cpp">
      <Filter>Threading</Filter>
    </ClCompile>
  </ItemGroup>
  <ItemGroup>
    <ClInclude Include="include\platform.h" />
    <ClInclude Include="include\exception.h" />
    <ClInclude Include="include\types.h" />
    <ClInclude Include="include\convert.h" />
    <ClInclude Include="include\hash.h" />
    <ClInclude Include="include\memory.h" />
    <ClInclude Include="include\function.h" />
    <ClInclude Include="include\math.h" />
    <ClInclude Include="..\..\include\core.h" />
    <ClInclude Include="include\singleton.h" />
    <ClInclude Include="include\system.h" />
    <ClInclude Include="include\shared.h" />
    <ClInclude Include="include\flags.h" />
    <ClInclude Include="include\signal.h" />
    <ClInclude Include="include\clock.h" />
    <ClInclude Include="include\collection.h">
      <Filter>Collections</Filter>
    </ClInclude>
    <ClInclude Include="include\iterator.h">
      <Filter>Collections</Filter>
    </ClInclude>
    <ClInclude Include="include\linkedlist.h">
      <Filter>Collections</Filter>
    </ClInclude>
    <ClInclude Include="include\list.h">
      <Filter>Collections</Filter>
    </ClInclude>
    <ClInclude Include="include\map.h">
      <Filter>Collections</Filter>
    </ClInclude>
    <ClInclude Include="include\set.h">
      <Filter>Collections</Filter>
    </ClInclude>
    <ClInclude Include="include\queue.h">
      <Filter>Collections</Filter>
    </ClInclude>
    <ClInclude Include="include\stack.h">
      <Filter>Collections</Filter>
    </ClInclude>
    <ClInclude Include="include\array.h">
      <Filter>Collections</Filter>
    </ClInclude>
    <ClInclude Include="include\asciicodec.h">
      <Filter>Text</Filter>
    </ClInclude>
    <ClInclude Include="include\latin1codec.h">
      <Filter>Text</Filter>
    </ClInclude>
    <ClInclude Include="include\string.h">
      <Filter>Text</Filter>
    </ClInclude>
    <ClInclude Include="include\stringcodec.h">
      <Filter>Text</Filter>
    </ClInclude>
    <ClInclude Include="include\utf8codec.h">
      <Filter>Text</Filter>
    </ClInclude>
    <ClInclude Include="include\atomic.h">
      <Filter>Threading</Filter>
    </ClInclude>
    <ClInclude Include="include\spinlock.h">
      <Filter>Threading</Filter>
    </ClInclude>
    <ClInclude Include="include\thread.h">
      <Filter>Threading</Filter>
    </ClInclude>
    <ClInclude Include="include\task.h">
      <Filter>Threading</Filter>
    </ClInclude>
    <ClInclude Include="include\variant.h" />
    <ClInclude Include="include\datetime.h" />
    <ClInclude Include="include\mutex.h">
      <Filter>Threading</Filter>
    </ClInclude>
  </ItemGroup>
  <ItemGroup>
    <Filter Include="Collections">
      <UniqueIdentifier>{f871750a-e1ea-4563-a27b-124a096a2024}</UniqueIdentifier>
    </Filter>
    <Filter Include="Text">
      <UniqueIdentifier>{2ef2c52f-2d4e-45a4-8d3f-b4dfba6b7b49}</UniqueIdentifier>
    </Filter>
    <Filter Include="Threading">
      <UniqueIdentifier>{369ff072-c870-4246-8c02-772cb4a7292f}</UniqueIdentifier>
    </Filter>
  </ItemGroup>
</Project>