<?xml version="1.0" encoding="utf-8"?>
<Project ToolsVersion="4.0" xmlns="http://schemas.microsoft.com/developer/msbuild/2003">
  <ItemGroup>
    <ClCompile Include="common\socket.cpp">
      <Filter>Net</Filter>
    </ClCompile>
    <ClCompile Include="common\tcpsocket.cpp">
      <Filter>Net</Filter>
    </ClCompile>
    <ClCompile Include="common\udpsocket.cpp">
      <Filter>Net</Filter>
    </ClCompile>
    <ClCompile Include="win32\file.cpp" />
    <ClCompile Include="common\networkaddress.cpp">
      <Filter>Net</Filter>
    </ClCompile>
  </ItemGroup>
  <ItemGroup>
    <ClInclude Include="..\..\include\io.h" />
    <ClInclude Include="include\istream.h" />
    <ClInclude Include="include\file.h" />
    <ClInclude Include="include\socket.h">
      <Filter>Net</Filter>
    </ClInclude>
    <ClInclude Include="include\tcpsocket.h">
      <Filter>Net</Filter>
    </ClInclude>
    <ClInclude Include="include\udpsocket.h">
      <Filter>Net</Filter>
    </ClInclude>
    <ClInclude Include="include\networkaddress.h">
      <Filter>Net</Filter>
    </ClInclude>
  </ItemGroup>
  <ItemGroup>
    <Filter Include="Net">
      <UniqueIdentifier>{1708034e-1495-481f-a309-2677cf3fe7ca}</UniqueIdentifier>
    </Filter>
  </ItemGroup>
</Project>